
Microsoft Visual Studio Solution File, Format Version 12.00
# Visual Studio Version 17
VisualStudioVersion = 17.5.002.0
MinimumVisualStudioVersion = 10.0.40219.1
Project("{9A19103F-16F7-4668-BE54-9A1E7A4F7556}") = "Library", "Library\Library.csproj", "{1018E693-5F83-4EF6-8C6D-12E3016CED4D}"
EndProject
Project("{9A19103F-16F7-4668-BE54-9A1E7A4F7556}") = "Program", "Program\Program.csproj", "{93462321-220E-41D0-9154-DAFCD0735911}"
EndProject
Global
	GlobalSection(SolutionConfigurationPlatforms) = preSolution
		Debug|Any CPU = Debug|Any CPU
		Release|Any CPU = Release|Any CPU
	EndGlobalSection
	GlobalSection(ProjectConfigurationPlatforms) = postSolution
		{1018E693-5F83-4EF6-8C6D-12E3016CED4D}.Debug|Any CPU.ActiveCfg = Debug|Any CPU
		{1018E693-5F83-4EF6-8C6D-12E3016CED4D}.Debug|Any CPU.Build.0 = Debug|Any CPU
		{1018E693-5F83-4EF6-8C6D-12E3016CED4D}.Release|Any CPU.ActiveCfg = Release|Any CPU
		{1018E693-5F83-4EF6-8C6D-12E3016CED4D}.Release|Any CPU.Build.0 = Release|Any CPU
		{93462321-220E-41D0-9154-DAFCD0735911}.Debug|Any CPU.ActiveCfg = Debug|Any CPU
		{93462321-220E-41D0-9154-DAFCD0735911}.Debug|Any CPU.Build.0 = Debug|Any CPU
		{93462321-220E-41D0-9154-DAFCD0735911}.Release|Any CPU.ActiveCfg = Release|Any CPU
		{93462321-220E-41D0-9154-DAFCD0735911}.Release|Any CPU.Build.0 = Release|Any CPU
	EndGlobalSection
	GlobalSection(SolutionProperties) = preSolution
		HideSolutionNode = FALSE
	EndGlobalSection
	GlobalSection(ExtensibilityGlobals) = postSolution
		SolutionGuid = {20485287-75C6-45E8-B2B3-484F5DED02CF}
	EndGlobalSection
EndGlobal
